
Microsoft Visual Studio Solution File, Format Version 12.00
# Visual Studio Version 16
VisualStudioVersion = 16.0.809.7
MinimumVisualStudioVersion = 10.0.40219.1
Project("{FAE04EC0-301F-11D3-BF4B-00C04F79EFBC}") = "Visma_Internship_Task", "Visma_Internship_Task.csproj", "{A539F856-C8BB-434C-B8C2-1B7899EC6CC1}"
EndProject
Global
	GlobalSection(SolutionConfigurationPlatforms) = preSolution
		Debug|Any CPU = Debug|Any CPU
		Release|Any CPU = Release|Any CPU
	EndGlobalSection
	GlobalSection(ProjectConfigurationPlatforms) = postSolution
		{A539F856-C8BB-434C-B8C2-1B7899EC6CC1}.Debug|Any CPU.ActiveCfg = Debug|Any CPU
		{A539F856-C8BB-434C-B8C2-1B7899EC6CC1}.Debug|Any CPU.Build.0 = Debug|Any CPU
		{A539F856-C8BB-434C-B8C2-1B7899EC6CC1}.Release|Any CPU.ActiveCfg = Release|Any CPU
		{A539F856-C8BB-434C-B8C2-1B7899EC6CC1}.Release|Any CPU.Build.0 = Release|Any CPU
	EndGlobalSection
	GlobalSection(SolutionProperties) = preSolution
		HideSolutionNode = FALSE
	EndGlobalSection
	GlobalSection(ExtensibilityGlobals) = postSolution
		SolutionGuid = {D2F11760-E8FB-4B77-8AD2-6CE9B0C4315D}
	EndGlobalSection
EndGlobal
